
Microsoft Visual Studio Solution File, Format Version 12.00
Project("{FAE04EC0-301F-11D3-BF4B-00C04F79EFBC}") = "EnergyCollectorService", "EnergyCollectorService\EnergyCollectorService.csproj", "{3995B92D-F9D7-49D4-8CC6-91CBA232DA01}"
EndProject
Project("{FAE04EC0-301F-11D3-BF4B-00C04F79EFBC}") = "SvKEnergyCollectorService", "SvKEnergyCollectorService\SvKEnergyCollectorService.csproj", "{CF6022AB-BBC9-4159-8339-7944B5966D82}"
EndProject
Project("{2150E333-8FDC-42A3-9474-1A3956D46DE8}") = "SolutionFolder", "SolutionFolder", "{4311083C-76A2-4EA5-8FA4-A8C256A48BD0}"
	ProjectSection(SolutionItems) = preProject
		README.md = README.md
	EndProjectSection
EndProject
Project("{FAE04EC0-301F-11D3-BF4B-00C04F79EFBC}") = "EntsoeCollectorService", "EntsoeCollectorService\EntsoeCollectorService.csproj", "{B067D8D2-E113-4732-B567-7C5FD96FAD36}"
EndProject
Project("{FAE04EC0-301F-11D3-BF4B-00C04F79EFBC}") = "EnergyCollectorService.InfluxDb", "EnergyCollectorService.InfluxDb\EnergyCollectorService.InfluxDb.csproj", "{6BBB9935-0F17-4A7C-BC00-18F40FD674D2}"
EndProject
Project("{FAE04EC0-301F-11D3-BF4B-00C04F79EFBC}") = "EnergyCollectorService.CurrencyConversion", "EnergyCollectorService.CurrencyConversion\EnergyCollectorService.CurrencyConversion.csproj", "{8AA0794E-27E7-429D-A66F-B518DFDDDFFC}"
EndProject
Project("{FAE04EC0-301F-11D3-BF4B-00C04F79EFBC}") = "EnergyCollectorService.Utils", "EnergyCollectorService.Utils\EnergyCollectorService.Utils.csproj", "{5AC70465-377D-415F-A105-8775C10C272D}"
EndProject
Global
	GlobalSection(SolutionConfigurationPlatforms) = preSolution
		Debug|Any CPU = Debug|Any CPU
		Release|Any CPU = Release|Any CPU
	EndGlobalSection
	GlobalSection(ProjectConfigurationPlatforms) = postSolution
		{3995B92D-F9D7-49D4-8CC6-91CBA232DA01}.Debug|Any CPU.ActiveCfg = Debug|Any CPU
		{3995B92D-F9D7-49D4-8CC6-91CBA232DA01}.Debug|Any CPU.Build.0 = Debug|Any CPU
		{3995B92D-F9D7-49D4-8CC6-91CBA232DA01}.Release|Any CPU.ActiveCfg = Release|Any CPU
		{3995B92D-F9D7-49D4-8CC6-91CBA232DA01}.Release|Any CPU.Build.0 = Release|Any CPU
		{CF6022AB-BBC9-4159-8339-7944B5966D82}.Debug|Any CPU.ActiveCfg = Debug|Any CPU
		{CF6022AB-BBC9-4159-8339-7944B5966D82}.Debug|Any CPU.Build.0 = Debug|Any CPU
		{CF6022AB-BBC9-4159-8339-7944B5966D82}.Release|Any CPU.ActiveCfg = Release|Any CPU
		{CF6022AB-BBC9-4159-8339-7944B5966D82}.Release|Any CPU.Build.0 = Release|Any CPU
		{B067D8D2-E113-4732-B567-7C5FD96FAD36}.Debug|Any CPU.ActiveCfg = Debug|Any CPU
		{B067D8D2-E113-4732-B567-7C5FD96FAD36}.Debug|Any CPU.Build.0 = Debug|Any CPU
		{B067D8D2-E113-4732-B567-7C5FD96FAD36}.Release|Any CPU.ActiveCfg = Release|Any CPU
		{B067D8D2-E113-4732-B567-7C5FD96FAD36}.Release|Any CPU.Build.0 = Release|Any CPU
		{6BBB9935-0F17-4A7C-BC00-18F40FD674D2}.Debug|Any CPU.ActiveCfg = Debug|Any CPU
		{6BBB9935-0F17-4A7C-BC00-18F40FD674D2}.Debug|Any CPU.Build.0 = Debug|Any CPU
		{6BBB9935-0F17-4A7C-BC00-18F40FD674D2}.Release|Any CPU.ActiveCfg = Release|Any CPU
		{6BBB9935-0F17-4A7C-BC00-18F40FD674D2}.Release|Any CPU.Build.0 = Release|Any CPU
		{8AA0794E-27E7-429D-A66F-B518DFDDDFFC}.Debug|Any CPU.ActiveCfg = Debug|Any CPU
		{8AA0794E-27E7-429D-A66F-B518DFDDDFFC}.Debug|Any CPU.Build.0 = Debug|Any CPU
		{8AA0794E-27E7-429D-A66F-B518DFDDDFFC}.Release|Any CPU.ActiveCfg = Release|Any CPU
		{8AA0794E-27E7-429D-A66F-B518DFDDDFFC}.Release|Any CPU.Build.0 = Release|Any CPU
		{5AC70465-377D-415F-A105-8775C10C272D}.Debug|Any CPU.ActiveCfg = Debug|Any CPU
		{5AC70465-377D-415F-A105-8775C10C272D}.Debug|Any CPU.Build.0 = Debug|Any CPU
		{5AC70465-377D-415F-A105-8775C10C272D}.Release|Any CPU.ActiveCfg = Release|Any CPU
		{5AC70465-377D-415F-A105-8775C10C272D}.Release|Any CPU.Build.0 = Release|Any CPU
	EndGlobalSection
EndGlobal
